
Microsoft Visual Studio Solution File, Format Version 12.00
# Visual Studio Version 17
Project("{8BC9CEB8-8B4A-11D0-8D11-00A0C91BC942}") = "ALL_BUILD", "ALL_BUILD.vcxproj", "{C49BF9E3-0423-37BB-A9FA-E72A259E765C}"
	ProjectSection(ProjectDependencies) = postProject
		{19E605EF-8175-3939-9A3F-7F41ACBC2EB8} = {19E605EF-8175-3939-9A3F-7F41ACBC2EB8}
		{A952A01C-94E9-39DB-A830-4D331FD11102} = {A952A01C-94E9-39DB-A830-4D331FD11102}
		{0267AA81-027B-3D50-A732-3F3649982CC3} = {0267AA81-027B-3D50-A732-3F3649982CC3}
		{E3FFBBA6-A502-3F7A-B194-6D56D6701396} = {E3FFBBA6-A502-3F7A-B194-6D56D6701396}
		{61882455-E6A5-3ADF-A947-51F5C17AD148} = {61882455-E6A5-3ADF-A947-51F5C17AD148}
		{EED49C96-29F2-3572-A649-23894AA6837F} = {EED49C96-29F2-3572-A649-23894AA6837F}
		{67B3B08B-0035-317C-8F78-5F01862D32B2} = {67B3B08B-0035-317C-8F78-5F01862D32B2}
	EndProjectSection
EndProject
Project("{8BC9CEB8-8B4A-11D0-8D11-00A0C91BC942}") = "INSTALL", "INSTALL.vcxproj", "{4AE1DF28-10C2-33FA-A3AA-27BCA58DAD74}"
	ProjectSection(ProjectDependencies) = postProject
		{C49BF9E3-0423-37BB-A9FA-E72A259E765C} = {C49BF9E3-0423-37BB-A9FA-E72A259E765C}
		{19E605EF-8175-3939-9A3F-7F41ACBC2EB8} = {19E605EF-8175-3939-9A3F-7F41ACBC2EB8}
	EndProjectSection
EndProject
Project("{8BC9CEB8-8B4A-11D0-8D11-00A0C91BC942}") = "ZERO_CHECK", "ZERO_CHECK.vcxproj", "{19E605EF-8175-3939-9A3F-7F41ACBC2EB8}"
	ProjectSection(ProjectDependencies) = postProject
	EndProjectSection
EndProject
Project("{8BC9CEB8-8B4A-11D0-8D11-00A0C91BC942}") = "app_links_plugin", "plugins\app_links\app_links_plugin.vcxproj", "{A952A01C-94E9-39DB-A830-4D331FD11102}"
	ProjectSection(ProjectDependencies) = postProject
		{19E605EF-8175-3939-9A3F-7F41ACBC2EB8} = {19E605EF-8175-3939-9A3F-7F41ACBC2EB8}
		{69E5AD87-E4ED-3E60-B209-30612CB8BC1B} = {69E5AD87-E4ED-3E60-B209-30612CB8BC1B}
		{EED49C96-29F2-3572-A649-23894AA6837F} = {EED49C96-29F2-3572-A649-23894AA6837F}
	EndProjectSection
EndProject
Project("{8BC9CEB8-8B4A-11D0-8D11-00A0C91BC942}") = "file_selector_windows_plugin", "plugins\file_selector_windows\file_selector_windows_plugin.vcxproj", "{0267AA81-027B-3D50-A732-3F3649982CC3}"
	ProjectSection(ProjectDependencies) = postProject
		{19E605EF-8175-3939-9A3F-7F41ACBC2EB8} = {19E605EF-8175-3939-9A3F-7F41ACBC2EB8}
		{69E5AD87-E4ED-3E60-B209-30612CB8BC1B} = {69E5AD87-E4ED-3E60-B209-30612CB8BC1B}
		{EED49C96-29F2-3572-A649-23894AA6837F} = {EED49C96-29F2-3572-A649-23894AA6837F}
	EndProjectSection
EndProject
Project("{8BC9CEB8-8B4A-11D0-8D11-00A0C91BC942}") = "flutter_application_3", "runner\flutter_application_3.vcxproj", "{E3FFBBA6-A502-3F7A-B194-6D56D6701396}"
	ProjectSection(ProjectDependencies) = postProject
		{19E605EF-8175-3939-9A3F-7F41ACBC2EB8} = {19E605EF-8175-3939-9A3F-7F41ACBC2EB8}
		{A952A01C-94E9-39DB-A830-4D331FD11102} = {A952A01C-94E9-39DB-A830-4D331FD11102}
		{0267AA81-027B-3D50-A732-3F3649982CC3} = {0267AA81-027B-3D50-A732-3F3649982CC3}
		{69E5AD87-E4ED-3E60-B209-30612CB8BC1B} = {69E5AD87-E4ED-3E60-B209-30612CB8BC1B}
		{61882455-E6A5-3ADF-A947-51F5C17AD148} = {61882455-E6A5-3ADF-A947-51F5C17AD148}
		{67B3B08B-0035-317C-8F78-5F01862D32B2} = {67B3B08B-0035-317C-8F78-5F01862D32B2}
	EndProjectSection
EndProject
Project("{8BC9CEB8-8B4A-11D0-8D11-00A0C91BC942}") = "flutter_assemble", "flutter\flutter_assemble.vcxproj", "{69E5AD87-E4ED-3E60-B209-30612CB8BC1B}"
	ProjectSection(ProjectDependencies) = postProject
		{19E605EF-8175-3939-9A3F-7F41ACBC2EB8} = {19E605EF-8175-3939-9A3F-7F41ACBC2EB8}
	EndProjectSection
EndProject
Project("{8BC9CEB8-8B4A-11D0-8D11-00A0C91BC942}") = "flutter_wrapper_app", "flutter\flutter_wrapper_app.vcxproj", "{61882455-E6A5-3ADF-A947-51F5C17AD148}"
	ProjectSection(ProjectDependencies) = postProject
		{19E605EF-8175-3939-9A3F-7F41ACBC2EB8} = {19E605EF-8175-3939-9A3F-7F41ACBC2EB8}
		{69E5AD87-E4ED-3E60-B209-30612CB8BC1B} = {69E5AD87-E4ED-3E60-B209-30612CB8BC1B}
	EndProjectSection
EndProject
Project("{8BC9CEB8-8B4A-11D0-8D11-00A0C91BC942}") = "flutter_wrapper_plugin", "flutter\flutter_wrapper_plugin.vcxproj", "{EED49C96-29F2-3572-A649-23894AA6837F}"
	ProjectSection(ProjectDependencies) = postProject
		{19E605EF-8175-3939-9A3F-7F41ACBC2EB8} = {19E605EF-8175-3939-9A3F-7F41ACBC2EB8}
		{69E5AD87-E4ED-3E60-B209-30612CB8BC1B} = {69E5AD87-E4ED-3E60-B209-30612CB8BC1B}
	EndProjectSection
EndProject
Project("{8BC9CEB8-8B4A-11D0-8D11-00A0C91BC942}") = "url_launcher_windows_plugin", "plugins\url_launcher_windows\url_launcher_windows_plugin.vcxproj", "{67B3B08B-0035-317C-8F78-5F01862D32B2}"
	ProjectSection(ProjectDependencies) = postProject
		{19E605EF-8175-3939-9A3F-7F41ACBC2EB8} = {19E605EF-8175-3939-9A3F-7F41ACBC2EB8}
		{69E5AD87-E4ED-3E60-B209-30612CB8BC1B} = {69E5AD87-E4ED-3E60-B209-30612CB8BC1B}
		{EED49C96-29F2-3572-A649-23894AA6837F} = {EED49C96-29F2-3572-A649-23894AA6837F}
	EndProjectSection
EndProject
Global
	GlobalSection(SolutionConfigurationPlatforms) = preSolution
		Debug|x64 = Debug|x64
		Profile|x64 = Profile|x64
		Release|x64 = Release|x64
	EndGlobalSection
	GlobalSection(ProjectConfigurationPlatforms) = postSolution
		{C49BF9E3-0423-37BB-A9FA-E72A259E765C}.Debug|x64.ActiveCfg = Debug|x64
		{C49BF9E3-0423-37BB-A9FA-E72A259E765C}.Debug|x64.Build.0 = Debug|x64
		{C49BF9E3-0423-37BB-A9FA-E72A259E765C}.Profile|x64.ActiveCfg = Profile|x64
		{C49BF9E3-0423-37BB-A9FA-E72A259E765C}.Profile|x64.Build.0 = Profile|x64
		{C49BF9E3-0423-37BB-A9FA-E72A259E765C}.Release|x64.ActiveCfg = Release|x64
		{C49BF9E3-0423-37BB-A9FA-E72A259E765C}.Release|x64.Build.0 = Release|x64
		{4AE1DF28-10C2-33FA-A3AA-27BCA58DAD74}.Debug|x64.ActiveCfg = Debug|x64
		{4AE1DF28-10C2-33FA-A3AA-27BCA58DAD74}.Debug|x64.Build.0 = Debug|x64
		{4AE1DF28-10C2-33FA-A3AA-27BCA58DAD74}.Profile|x64.ActiveCfg = Profile|x64
		{4AE1DF28-10C2-33FA-A3AA-27BCA58DAD74}.Profile|x64.Build.0 = Profile|x64
		{4AE1DF28-10C2-33FA-A3AA-27BCA58DAD74}.Release|x64.ActiveCfg = Release|x64
		{4AE1DF28-10C2-33FA-A3AA-27BCA58DAD74}.Release|x64.Build.0 = Release|x64
		{19E605EF-8175-3939-9A3F-7F41ACBC2EB8}.Debug|x64.ActiveCfg = Debug|x64
		{19E605EF-8175-3939-9A3F-7F41ACBC2EB8}.Debug|x64.Build.0 = Debug|x64
		{19E605EF-8175-3939-9A3F-7F41ACBC2EB8}.Profile|x64.ActiveCfg = Profile|x64
		{19E605EF-8175-3939-9A3F-7F41ACBC2EB8}.Profile|x64.Build.0 = Profile|x64
		{19E605EF-8175-3939-9A3F-7F41ACBC2EB8}.Release|x64.ActiveCfg = Release|x64
		{19E605EF-8175-3939-9A3F-7F41ACBC2EB8}.Release|x64.Build.0 = Release|x64
		{A952A01C-94E9-39DB-A830-4D331FD11102}.Debug|x64.ActiveCfg = Debug|x64
		{A952A01C-94E9-39DB-A830-4D331FD11102}.Debug|x64.Build.0 = Debug|x64
		{A952A01C-94E9-39DB-A830-4D331FD11102}.Profile|x64.ActiveCfg = Profile|x64
		{A952A01C-94E9-39DB-A830-4D331FD11102}.Profile|x64.Build.0 = Profile|x64
		{A952A01C-94E9-39DB-A830-4D331FD11102}.Release|x64.ActiveCfg = Release|x64
		{A952A01C-94E9-39DB-A830-4D331FD11102}.Release|x64.Build.0 = Release|x64
		{0267AA81-027B-3D50-A732-3F3649982CC3}.Debug|x64.ActiveCfg = Debug|x64
		{0267AA81-027B-3D50-A732-3F3649982CC3}.Debug|x64.Build.0 = Debug|x64
		{0267AA81-027B-3D50-A732-3F3649982CC3}.Profile|x64.ActiveCfg = Profile|x64
		{0267AA81-027B-3D50-A732-3F3649982CC3}.Profile|x64.Build.0 = Profile|x64
		{0267AA81-027B-3D50-A732-3F3649982CC3}.Release|x64.ActiveCfg = Release|x64
		{0267AA81-027B-3D50-A732-3F3649982CC3}.Release|x64.Build.0 = Release|x64
		{E3FFBBA6-A502-3F7A-B194-6D56D6701396}.Debug|x64.ActiveCfg = Debug|x64
		{E3FFBBA6-A502-3F7A-B194-6D56D6701396}.Debug|x64.Build.0 = Debug|x64
		{E3FFBBA6-A502-3F7A-B194-6D56D6701396}.Profile|x64.ActiveCfg = Profile|x64
		{E3FFBBA6-A502-3F7A-B194-6D56D6701396}.Profile|x64.Build.0 = Profile|x64
		{E3FFBBA6-A502-3F7A-B194-6D56D6701396}.Release|x64.ActiveCfg = Release|x64
		{E3FFBBA6-A502-3F7A-B194-6D56D6701396}.Release|x64.Build.0 = Release|x64
		{69E5AD87-E4ED-3E60-B209-30612CB8BC1B}.Debug|x64.ActiveCfg = Debug|x64
		{69E5AD87-E4ED-3E60-B209-30612CB8BC1B}.Debug|x64.Build.0 = Debug|x64
		{69E5AD87-E4ED-3E60-B209-30612CB8BC1B}.Profile|x64.ActiveCfg = Profile|x64
		{69E5AD87-E4ED-3E60-B209-30612CB8BC1B}.Profile|x64.Build.0 = Profile|x64
		{69E5AD87-E4ED-3E60-B209-30612CB8BC1B}.Release|x64.ActiveCfg = Release|x64
		{69E5AD87-E4ED-3E60-B209-30612CB8BC1B}.Release|x64.Build.0 = Release|x64
		{61882455-E6A5-3ADF-A947-51F5C17AD148}.Debug|x64.ActiveCfg = Debug|x64
		{61882455-E6A5-3ADF-A947-51F5C17AD148}.Debug|x64.Build.0 = Debug|x64
		{61882455-E6A5-3ADF-A947-51F5C17AD148}.Profile|x64.ActiveCfg = Profile|x64
		{61882455-E6A5-3ADF-A947-51F5C17AD148}.Profile|x64.Build.0 = Profile|x64
		{61882455-E6A5-3ADF-A947-51F5C17AD148}.Release|x64.ActiveCfg = Release|x64
		{61882455-E6A5-3ADF-A947-51F5C17AD148}.Release|x64.Build.0 = Release|x64
		{EED49C96-29F2-3572-A649-23894AA6837F}.Debug|x64.ActiveCfg = Debug|x64
		{EED49C96-29F2-3572-A649-23894AA6837F}.Debug|x64.Build.0 = Debug|x64
		{EED49C96-29F2-3572-A649-23894AA6837F}.Profile|x64.ActiveCfg = Profile|x64
		{EED49C96-29F2-3572-A649-23894AA6837F}.Profile|x64.Build.0 = Profile|x64
		{EED49C96-29F2-3572-A649-23894AA6837F}.Release|x64.ActiveCfg = Release|x64
		{EED49C96-29F2-3572-A649-23894AA6837F}.Release|x64.Build.0 = Release|x64
		{67B3B08B-0035-317C-8F78-5F01862D32B2}.Debug|x64.ActiveCfg = Debug|x64
		{67B3B08B-0035-317C-8F78-5F01862D32B2}.Debug|x64.Build.0 = Debug|x64
		{67B3B08B-0035-317C-8F78-5F01862D32B2}.Profile|x64.ActiveCfg = Profile|x64
		{67B3B08B-0035-317C-8F78-5F01862D32B2}.Profile|x64.Build.0 = Profile|x64
		{67B3B08B-0035-317C-8F78-5F01862D32B2}.Release|x64.ActiveCfg = Release|x64
		{67B3B08B-0035-317C-8F78-5F01862D32B2}.Release|x64.Build.0 = Release|x64
	EndGlobalSection
	GlobalSection(ExtensibilityGlobals) = postSolution
		SolutionGuid = {C16A0997-1ACA-3A03-80D9-10C4029730EF}
	EndGlobalSection
	GlobalSection(ExtensibilityAddIns) = postSolution
	EndGlobalSection
EndGlobal
